# Generated by pub
# See https://dart.dev/tools/pub/glossary#lockfile
packages:
  mime:
    dependency: "direct main"
    description:
      name: mime
      sha256: "41a20518f0cb1256669420fdba0cd90d21561e560ac240f26ef8322e45bb7ed6"
      url: "https://pub.dev"
    source: hosted
    version: "2.0.0"
sdks:
  dart: "3.7.2"
